
Microsoft Visual Studio Solution File, Format Version 12.00
# Visual Studio Version 17
VisualStudioVersion = 17.14.36705.20 d17.14
MinimumVisualStudioVersion = 10.0.40219.1
Project("{FAE04EC0-301F-11D3-BF4B-00C04F79EFBC}") = "BankAPI", "BankAPI.csproj", "{70E9A48E-3F46-4A06-BFEA-5EF1D5E000DA}"
EndProject
Global
	GlobalSection(SolutionConfigurationPlatforms) = preSolution
		Debug|Any CPU = Debug|Any CPU
		Release|Any CPU = Release|Any CPU
	EndGlobalSection
	GlobalSection(ProjectConfigurationPlatforms) = postSolution
		{70E9A48E-3F46-4A06-BFEA-5EF1D5E000DA}.Debug|Any CPU.ActiveCfg = Debug|Any CPU
		{70E9A48E-3F46-4A06-BFEA-5EF1D5E000DA}.Debug|Any CPU.Build.0 = Debug|Any CPU
		{70E9A48E-3F46-4A06-BFEA-5EF1D5E000DA}.Release|Any CPU.ActiveCfg = Release|Any CPU
		{70E9A48E-3F46-4A06-BFEA-5EF1D5E000DA}.Release|Any CPU.Build.0 = Release|Any CPU
	EndGlobalSection
	GlobalSection(SolutionProperties) = preSolution
		HideSolutionNode = FALSE
	EndGlobalSection
	GlobalSection(ExtensibilityGlobals) = postSolution
		SolutionGuid = {C710CFB7-C83B-4C56-AC3F-18EC230FBC86}
	EndGlobalSection
EndGlobal
